// !$*UTF8*$!
{
	archiveVersion = 1;
	classes = {
	};
	objectVersion = 50;
	objects = {

/* Begin PBXBuildFile section */
		59056F7E2379BFAF002CC75C /* DisclaimerView.swift in Sources */ = {isa = PBXBuildFile; fileRef = 59056F7D2379BFAF002CC75C /* DisclaimerView.swift */; };
		59056F802379BFC7002CC75C /* AboutView.swift in Sources */ = {isa = PBXBuildFile; fileRef = 59056F7F2379BFC7002CC75C /* AboutView.swift */; };
		59056F822379BFD2002CC75C /* ResourcesView.swift in Sources */ = {isa = PBXBuildFile; fileRef = 59056F812379BFD2002CC75C /* ResourcesView.swift */; };
		59056F84237C58F7002CC75C /* Constants.swift in Sources */ = {isa = PBXBuildFile; fileRef = 59056F83237C58F7002CC75C /* Constants.swift */; };
		590936BE2375BF480000BBBB /* AppDelegate.swift in Sources */ = {isa = PBXBuildFile; fileRef = 590936BD2375BF480000BBBB /* AppDelegate.swift */; };
		590936C02375BF480000BBBB /* SceneDelegate.swift in Sources */ = {isa = PBXBuildFile; fileRef = 590936BF2375BF480000BBBB /* SceneDelegate.swift */; };
		590936C22375BF480000BBBB /* ContentView.swift in Sources */ = {isa = PBXBuildFile; fileRef = 590936C12375BF480000BBBB /* ContentView.swift */; };
		590936C42375BF4C0000BBBB /* Assets.xcassets in Resources */ = {isa = PBXBuildFile; fileRef = 590936C32375BF4C0000BBBB /* Assets.xcassets */; };
		590936C72375BF4C0000BBBB /* Preview Assets.xcassets in Resources */ = {isa = PBXBuildFile; fileRef = 590936C62375BF4C0000BBBB /* Preview Assets.xcassets */; };
		590936CA2375BF4C0000BBBB /* LaunchScreen.storyboard in Resources */ = {isa = PBXBuildFile; fileRef = 590936C82375BF4C0000BBBB /* LaunchScreen.storyboard */; };
		590936D52375BF4C0000BBBB /* GDMTests.swift in Sources */ = {isa = PBXBuildFile; fileRef = 590936D42375BF4C0000BBBB /* GDMTests.swift */; };
		590936E02375BF4C0000BBBB /* GDMUITests.swift in Sources */ = {isa = PBXBuildFile; fileRef = 590936DF2375BF4C0000BBBB /* GDMUITests.swift */; };
		590936EE2375BF680000BBBB /* Master.swift in Sources */ = {isa = PBXBuildFile; fileRef = 590936ED2375BF680000BBBB /* Master.swift */; };
		590936F02375BF6F0000BBBB /* EnterBGView.swift in Sources */ = {isa = PBXBuildFile; fileRef = 590936EF2375BF6F0000BBBB /* EnterBGView.swift */; };
		59D7887C23917467008C9B49 /* ReportView.swift in Sources */ = {isa = PBXBuildFile; fileRef = 59D7887B23917467008C9B49 /* ReportView.swift */; };
		59E5E9F6237EFE1E002AE563 /* SettingsView.swift in Sources */ = {isa = PBXBuildFile; fileRef = 59E5E9F5237EFE1E002AE563 /* SettingsView.swift */; };
/* End PBXBuildFile section */

/* Begin PBXContainerItemProxy section */
		590936D12375BF4C0000BBBB /* PBXContainerItemProxy */ = {
			isa = PBXContainerItemProxy;
			containerPortal = 590936B22375BF480000BBBB /* Project object */;
			proxyType = 1;
			remoteGlobalIDString = 590936B92375BF480000BBBB;
			remoteInfo = GDM;
		};
		590936DC2375BF4C0000BBBB /* PBXContainerItemProxy */ = {
			isa = PBXContainerItemProxy;
			containerPortal = 590936B22375BF480000BBBB /* Project object */;
			proxyType = 1;
			remoteGlobalIDString = 590936B92375BF480000BBBB;
			remoteInfo = GDM;
		};
/* End PBXContainerItemProxy section */

/* Begin PBXFileReference section */
		59056F7D2379BFAF002CC75C /* DisclaimerView.swift */ = {isa = PBXFileReference; lastKnownFileType = sourcecode.swift; path = DisclaimerView.swift; sourceTree = "<group>"; };
		59056F7F2379BFC7002CC75C /* AboutView.swift */ = {isa = PBXFileReference; lastKnownFileType = sourcecode.swift; path = AboutView.swift; sourceTree = "<group>"; };
		59056F812379BFD2002CC75C /* ResourcesView.swift */ = {isa = PBXFileReference; lastKnownFileType = sourcecode.swift; path = ResourcesView.swift; sourceTree = "<group>"; };
		59056F83237C58F7002CC75C /* Constants.swift */ = {isa = PBXFileReference; lastKnownFileType = sourcecode.swift; path = Constants.swift; sourceTree = "<group>"; };
		590936BA2375BF480000BBBB /* GDM.app */ = {isa = PBXFileReference; explicitFileType = wrapper.application; includeInIndex = 0; path = GDM.app; sourceTree = BUILT_PRODUCTS_DIR; };
		590936BD2375BF480000BBBB /* AppDelegate.swift */ = {isa = PBXFileReference; lastKnownFileType = sourcecode.swift; path = AppDelegate.swift; sourceTree = "<group>"; };
		590936BF2375BF480000BBBB /* SceneDelegate.swift */ = {isa = PBXFileReference; lastKnownFileType = sourcecode.swift; path = SceneDelegate.swift; sourceTree = "<group>"; };
		590936C12375BF480000BBBB /* ContentView.swift */ = {isa = PBXFileReference; lastKnownFileType = sourcecode.swift; path = ContentView.swift; sourceTree = "<group>"; };
		590936C32375BF4C0000BBBB /* Assets.xcassets */ = {isa = PBXFileReference; lastKnownFileType = folder.assetcatalog; path = Assets.xcassets; sourceTree = "<group>"; };
		590936C62375BF4C0000BBBB /* Preview Assets.xcassets */ = {isa = PBXFileReference; lastKnownFileType = folder.assetcatalog; path = "Preview Assets.xcassets"; sourceTree = "<group>"; };
		590936C92375BF4C0000BBBB /* Base */ = {isa = PBXFileReference; lastKnownFileType = file.storyboard; name = Base; path = Base.lproj/LaunchScreen.storyboard; sourceTree = "<group>"; };
		590936CB2375BF4C0000BBBB /* Info.plist */ = {isa = PBXFileReference; lastKnownFileType = text.plist.xml; path = Info.plist; sourceTree = "<group>"; };
		590936D02375BF4C0000BBBB /* GDMTests.xctest */ = {isa = PBXFileReference; explicitFileType = wrapper.cfbundle; includeInIndex = 0; path = GDMTests.xctest; sourceTree = BUILT_PRODUCTS_DIR; };
		590936D42375BF4C0000BBBB /* GDMTests.swift */ = {isa = PBXFileReference; lastKnownFileType = sourcecode.swift; path = GDMTests.swift; sourceTree = "<group>"; };
		590936D62375BF4C0000BBBB /* Info.plist */ = {isa = PBXFileReference; lastKnownFileType = text.plist.xml; path = Info.plist; sourceTree = "<group>"; };
		590936DB2375BF4C0000BBBB /* GDMUITests.xctest */ = {isa = PBXFileReference; explicitFileType = wrapper.cfbundle; includeInIndex = 0; path = GDMUITests.xctest; sourceTree = BUILT_PRODUCTS_DIR; };
		590936DF2375BF4C0000BBBB /* GDMUITests.swift */ = {isa = PBXFileReference; lastKnownFileType = sourcecode.swift; path = GDMUITests.swift; sourceTree = "<group>"; };
		590936E12375BF4C0000BBBB /* Info.plist */ = {isa = PBXFileReference; lastKnownFileType = text.plist.xml; path = Info.plist; sourceTree = "<group>"; };
		590936ED2375BF680000BBBB /* Master.swift */ = {isa = PBXFileReference; fileEncoding = 4; lastKnownFileType = sourcecode.swift; path = Master.swift; sourceTree = "<group>"; wrapsLines = 0; };
		590936EF2375BF6F0000BBBB /* EnterBGView.swift */ = {isa = PBXFileReference; fileEncoding = 4; lastKnownFileType = sourcecode.swift; path = EnterBGView.swift; sourceTree = "<group>"; };
		59D7887B23917467008C9B49 /* ReportView.swift */ = {isa = PBXFileReference; lastKnownFileType = sourcecode.swift; path = ReportView.swift; sourceTree = "<group>"; };
		59E5E9F5237EFE1E002AE563 /* SettingsView.swift */ = {isa = PBXFileReference; lastKnownFileType = sourcecode.swift; path = SettingsView.swift; sourceTree = "<group>"; };
/* End PBXFileReference section */

/* Begin PBXFrameworksBuildPhase section */
		590936B72375BF480000BBBB /* Frameworks */ = {
			isa = PBXFrameworksBuildPhase;
			buildActionMask = 2147483647;
			files = (
			);
			runOnlyForDeploymentPostprocessing = 0;
		};
		590936CD2375BF4C0000BBBB /* Frameworks */ = {
			isa = PBXFrameworksBuildPhase;
			buildActionMask = 2147483647;
			files = (
			);
			runOnlyForDeploymentPostprocessing = 0;
		};
		590936D82375BF4C0000BBBB /* Frameworks */ = {
			isa = PBXFrameworksBuildPhase;
			buildActionMask = 2147483647;
			files = (
			);
			runOnlyForDeploymentPostprocessing = 0;
		};
/* End PBXFrameworksBuildPhase section */

/* Begin PBXGroup section */
		590936B12375BF480000BBBB = {
			isa = PBXGroup;
			children = (
				590936BC2375BF480000BBBB /* GDM */,
				590936D32375BF4C0000BBBB /* GDMTests */,
				590936DE2375BF4C0000BBBB /* GDMUITests */,
				590936BB2375BF480000BBBB /* Products */,
			);
			sourceTree = "<group>";
		};
		590936BB2375BF480000BBBB /* Products */ = {
			isa = PBXGroup;
			children = (
				590936BA2375BF480000BBBB /* GDM.app */,
				590936D02375BF4C0000BBBB /* GDMTests.xctest */,
				590936DB2375BF4C0000BBBB /* GDMUITests.xctest */,
			);
			name = Products;
			sourceTree = "<group>";
		};
		590936BC2375BF480000BBBB /* GDM */ = {
			isa = PBXGroup;
			children = (
				590936BD2375BF480000BBBB /* AppDelegate.swift */,
				590936BF2375BF480000BBBB /* SceneDelegate.swift */,
				59056F83237C58F7002CC75C /* Constants.swift */,
				590936C12375BF480000BBBB /* ContentView.swift */,
				590936ED2375BF680000BBBB /* Master.swift */,
				590936EF2375BF6F0000BBBB /* EnterBGView.swift */,
				59D7887B23917467008C9B49 /* ReportView.swift */,
				59E5E9F5237EFE1E002AE563 /* SettingsView.swift */,
				59056F7D2379BFAF002CC75C /* DisclaimerView.swift */,
				59056F7F2379BFC7002CC75C /* AboutView.swift */,
				59056F812379BFD2002CC75C /* ResourcesView.swift */,
				590936C32375BF4C0000BBBB /* Assets.xcassets */,
				590936C82375BF4C0000BBBB /* LaunchScreen.storyboard */,
				590936CB2375BF4C0000BBBB /* Info.plist */,
				590936C52375BF4C0000BBBB /* Preview Content */,
			);
			path = GDM;
			sourceTree = "<group>";
		};
		590936C52375BF4C0000BBBB /* Preview Content */ = {
			isa = PBXGroup;
			children = (
				590936C62375BF4C0000BBBB /* Preview Assets.xcassets */,
			);
			path = "Preview Content";
			sourceTree = "<group>";
		};
		590936D32375BF4C0000BBBB /* GDMTests */ = {
			isa = PBXGroup;
			children = (
				590936D42375BF4C0000BBBB /* GDMTests.swift */,
				590936D62375BF4C0000BBBB /* Info.plist */,
			);
			path = GDMTests;
			sourceTree = "<group>";
		};
		590936DE2375BF4C0000BBBB /* GDMUITests */ = {
			isa = PBXGroup;
			children = (
				590936DF2375BF4C0000BBBB /* GDMUITests.swift */,
				590936E12375BF4C0000BBBB /* Info.plist */,
			);
			path = GDMUITests;
			sourceTree = "<group>";
		};
/* End PBXGroup section */

/* Begin PBXNativeTarget section */
		590936B92375BF480000BBBB /* GDM */ = {
			isa = PBXNativeTarget;
			buildConfigurationList = 590936E42375BF4C0000BBBB /* Build configuration list for PBXNativeTarget "GDM" */;
			buildPhases = (
				590936B62375BF480000BBBB /* Sources */,
				590936B72375BF480000BBBB /* Frameworks */,
				590936B82375BF480000BBBB /* Resources */,
			);
			buildRules = (
			);
			dependencies = (
			);
			name = GDM;
			packageProductDependencies = (
			);
			productName = GDM;
			productReference = 590936BA2375BF480000BBBB /* GDM.app */;
			productType = "com.apple.product-type.application";
		};
		590936CF2375BF4C0000BBBB /* GDMTests */ = {
			isa = PBXNativeTarget;
			buildConfigurationList = 590936E72375BF4C0000BBBB /* Build configuration list for PBXNativeTarget "GDMTests" */;
			buildPhases = (
				590936CC2375BF4C0000BBBB /* Sources */,
				590936CD2375BF4C0000BBBB /* Frameworks */,
				590936CE2375BF4C0000BBBB /* Resources */,
			);
			buildRules = (
			);
			dependencies = (
				590936D22375BF4C0000BBBB /* PBXTargetDependency */,
			);
			name = GDMTests;
			productName = GDMTests;
			productReference = 590936D02375BF4C0000BBBB /* GDMTests.xctest */;
			productType = "com.apple.product-type.bundle.unit-test";
		};
		590936DA2375BF4C0000BBBB /* GDMUITests */ = {
			isa = PBXNativeTarget;
			buildConfigurationList = 590936EA2375BF4C0000BBBB /* Build configuration list for PBXNativeTarget "GDMUITests" */;
			buildPhases = (
				590936D72375BF4C0000BBBB /* Sources */,
				590936D82375BF4C0000BBBB /* Frameworks */,
				590936D92375BF4C0000BBBB /* Resources */,
			);
			buildRules = (
			);
			dependencies = (
				590936DD2375BF4C0000BBBB /* PBXTargetDependency */,
			);
			name = GDMUITests;
			productName = GDMUITests;
			productReference = 590936DB2375BF4C0000BBBB /* GDMUITests.xctest */;
			productType = "com.apple.product-type.bundle.ui-testing";
		};
/* End PBXNativeTarget section */

/* Begin PBXProject section */
		590936B22375BF480000BBBB /* Project object */ = {
			isa = PBXProject;
			attributes = {
				LastSwiftUpdateCheck = 1110;
				LastUpgradeCheck = 1110;
				ORGANIZATIONNAME = "Matthew Van Gorden";
				TargetAttributes = {
					590936B92375BF480000BBBB = {
						CreatedOnToolsVersion = 11.1;
					};
					590936CF2375BF4C0000BBBB = {
						CreatedOnToolsVersion = 11.1;
						TestTargetID = 590936B92375BF480000BBBB;
					};
					590936DA2375BF4C0000BBBB = {
						CreatedOnToolsVersion = 11.1;
						TestTargetID = 590936B92375BF480000BBBB;
					};
				};
			};
			buildConfigurationList = 590936B52375BF480000BBBB /* Build configuration list for PBXProject "GDM" */;
			compatibilityVersion = "Xcode 9.3";
			developmentRegion = en;
			hasScannedForEncodings = 0;
			knownRegions = (
				en,
				Base,
			);
			mainGroup = 590936B12375BF480000BBBB;
			packageReferences = (
			);
			productRefGroup = 590936BB2375BF480000BBBB /* Products */;
			projectDirPath = "";
			projectRoot = "";
			targets = (
				590936B92375BF480000BBBB /* GDM */,
				590936CF2375BF4C0000BBBB /* GDMTests */,
				590936DA2375BF4C0000BBBB /* GDMUITests */,
			);
		};
/* End PBXProject section */

/* Begin PBXResourcesBuildPhase section */
		590936B82375BF480000BBBB /* Resources */ = {
			isa = PBXResourcesBuildPhase;
			buildActionMask = 2147483647;
			files = (
				590936CA2375BF4C0000BBBB /* LaunchScreen.storyboard in Resources */,
				590936C72375BF4C0000BBBB /* Preview Assets.xcassets in Resources */,
				590936C42375BF4C0000BBBB /* Assets.xcassets in Resources */,
			);
			runOnlyForDeploymentPostprocessing = 0;
		};
		590936CE2375BF4C0000BBBB /* Resources */ = {
			isa = PBXResourcesBuildPhase;
			buildActionMask = 2147483647;
			files = (
			);
			runOnlyForDeploymentPostprocessing = 0;
		};
		590936D92375BF4C0000BBBB /* Resources */ = {
			isa = PBXResourcesBuildPhase;
			buildActionMask = 2147483647;
			files = (
			);
			runOnlyForDeploymentPostprocessing = 0;
		};
/* End PBXResourcesBuildPhase section */

/* Begin PBXSourcesBuildPhase section */
		590936B62375BF480000BBBB /* Sources */ = {
			isa = PBXSourcesBuildPhase;
			buildActionMask = 2147483647;
			files = (
				590936BE2375BF480000BBBB /* AppDelegate.swift in Sources */,
				59056F802379BFC7002CC75C /* AboutView.swift in Sources */,
				59056F7E2379BFAF002CC75C /* DisclaimerView.swift in Sources */,
				590936F02375BF6F0000BBBB /* EnterBGView.swift in Sources */,
				59056F822379BFD2002CC75C /* ResourcesView.swift in Sources */,
				59D7887C23917467008C9B49 /* ReportView.swift in Sources */,
				59E5E9F6237EFE1E002AE563 /* SettingsView.swift in Sources */,
				590936EE2375BF680000BBBB /* Master.swift in Sources */,
				590936C02375BF480000BBBB /* SceneDelegate.swift in Sources */,
				590936C22375BF480000BBBB /* ContentView.swift in Sources */,
				59056F84237C58F7002CC75C /* Constants.swift in Sources */,
			);
			runOnlyForDeploymentPostprocessing = 0;
		};
		590936CC2375BF4C0000BBBB /* Sources */ = {
			isa = PBXSourcesBuildPhase;
			buildActionMask = 2147483647;
			files = (
				590936D52375BF4C0000BBBB /* GDMTests.swift in Sources */,
			);
			runOnlyForDeploymentPostprocessing = 0;
		};
		590936D72375BF4C0000BBBB /* Sources */ = {
			isa = PBXSourcesBuildPhase;
			buildActionMask = 2147483647;
			files = (
				590936E02375BF4C0000BBBB /* GDMUITests.swift in Sources */,
			);
			runOnlyForDeploymentPostprocessing = 0;
		};
/* End PBXSourcesBuildPhase section */

/* Begin PBXTargetDependency section */
		590936D22375BF4C0000BBBB /* PBXTargetDependency */ = {
			isa = PBXTargetDependency;
			target = 590936B92375BF480000BBBB /* GDM */;
			targetProxy = 590936D12375BF4C0000BBBB /* PBXContainerItemProxy */;
		};
		590936DD2375BF4C0000BBBB /* PBXTargetDependency */ = {
			isa = PBXTargetDependency;
			target = 590936B92375BF480000BBBB /* GDM */;
			targetProxy = 590936DC2375BF4C0000BBBB /* PBXContainerItemProxy */;
		};
/* End PBXTargetDependency section */

/* Begin PBXVariantGroup section */
		590936C82375BF4C0000BBBB /* LaunchScreen.storyboard */ = {
			isa = PBXVariantGroup;
			children = (
				590936C92375BF4C0000BBBB /* Base */,
			);
			name = LaunchScreen.storyboard;
			sourceTree = "<group>";
		};
/* End PBXVariantGroup section */

/* Begin XCBuildConfiguration section */
		590936E22375BF4C0000BBBB /* Debug */ = {
			isa = XCBuildConfiguration;
			buildSettings = {
				ALWAYS_SEARCH_USER_PATHS = NO;
				CLANG_ANALYZER_NONNULL = YES;
				CLANG_ANALYZER_NUMBER_OBJECT_CONVERSION = YES_AGGRESSIVE;
				CLANG_CXX_LANGUAGE_STANDARD = "gnu++14";
				CLANG_CXX_LIBRARY = "libc++";
				CLANG_ENABLE_MODULES = YES;
				CLANG_ENABLE_OBJC_ARC = YES;
				CLANG_ENABLE_OBJC_WEAK = YES;
				CLANG_WARN_BLOCK_CAPTURE_AUTORELEASING = YES;
				CLANG_WARN_BOOL_CONVERSION = YES;
				CLANG_WARN_COMMA = YES;
				CLANG_WARN_CONSTANT_CONVERSION = YES;
				CLANG_WARN_DEPRECATED_OBJC_IMPLEMENTATIONS = YES;
				CLANG_WARN_DIRECT_OBJC_ISA_USAGE = YES_ERROR;
				CLANG_WARN_DOCUMENTATION_COMMENTS = YES;
				CLANG_WARN_EMPTY_BODY = YES;
				CLANG_WARN_ENUM_CONVERSION = YES;
				CLANG_WARN_INFINITE_RECURSION = YES;
				CLANG_WARN_INT_CONVERSION = YES;
				CLANG_WARN_NON_LITERAL_NULL_CONVERSION = YES;
				CLANG_WARN_OBJC_IMPLICIT_RETAIN_SELF = YES;
				CLANG_WARN_OBJC_LITERAL_CONVERSION = YES;
				CLANG_WARN_OBJC_ROOT_CLASS = YES_ERROR;
				CLANG_WARN_RANGE_LOOP_ANALYSIS = YES;
				CLANG_WARN_STRICT_PROTOTYPES = YES;
				CLANG_WARN_SUSPICIOUS_MOVE = YES;
				CLANG_WARN_UNGUARDED_AVAILABILITY = YES_AGGRESSIVE;
				CLANG_WARN_UNREACHABLE_CODE = YES;
				CLANG_WARN__DUPLICATE_METHOD_MATCH = YES;
				COPY_PHASE_STRIP = NO;
				DEBUG_INFORMATION_FORMAT = dwarf;
				ENABLE_STRICT_OBJC_MSGSEND = YES;
				ENABLE_TESTABILITY = YES;
				GCC_C_LANGUAGE_STANDARD = gnu11;
				GCC_DYNAMIC_NO_PIC = NO;
				GCC_NO_COMMON_BLOCKS = YES;
				GCC_OPTIMIZATION_LEVEL = 0;
				GCC_PREPROCESSOR_DEFINITIONS = (
					"DEBUG=1",
					"$(inherited)",
				);
				GCC_WARN_64_TO_32_BIT_CONVERSION = YES;
				GCC_WARN_ABOUT_RETURN_TYPE = YES_ERROR;
				GCC_WARN_UNDECLARED_SELECTOR = YES;
				GCC_WARN_UNINITIALIZED_AUTOS = YES_AGGRESSIVE;
				GCC_WARN_UNUSED_FUNCTION = YES;
				GCC_WARN_UNUSED_VARIABLE = YES;
				IPHONEOS_DEPLOYMENT_TARGET = 13.1;
				MTL_ENABLE_DEBUG_INFO = INCLUDE_SOURCE;
				MTL_FAST_MATH = YES;
				ONLY_ACTIVE_ARCH = YES;
				SDKROOT = iphoneos;
				SWIFT_ACTIVE_COMPILATION_CONDITIONS = DEBUG;
				SWIFT_OPTIMIZATION_LEVEL = "-Onone";
			};
			name = Debug;
		};
		590936E32375BF4C0000BBBB /* Release */ = {
			isa = XCBuildConfiguration;
			buildSettings = {
				ALWAYS_SEARCH_USER_PATHS = NO;
				CLANG_ANALYZER_NONNULL = YES;
				CLANG_ANALYZER_NUMBER_OBJECT_CONVERSION = YES_AGGRESSIVE;
				CLANG_CXX_LANGUAGE_STANDARD = "gnu++14";
				CLANG_CXX_LIBRARY = "libc++";
				CLANG_ENABLE_MODULES = YES;
				CLANG_ENABLE_OBJC_ARC = YES;
				CLANG_ENABLE_OBJC_WEAK = YES;
				CLANG_WARN_BLOCK_CAPTURE_AUTORELEASING = YES;
				CLANG_WARN_BOOL_CONVERSION = YES;
				CLANG_WARN_COMMA = YES;
				CLANG_WARN_CONSTANT_CONVERSION = YES;
				CLANG_WARN_DEPRECATED_OBJC_IMPLEMENTATIONS = YES;
				CLANG_WARN_DIRECT_OBJC_ISA_USAGE = YES_ERROR;
				CLANG_WARN_DOCUMENTATION_COMMENTS = YES;
				CLANG_WARN_EMPTY_BODY = YES;
				CLANG_WARN_ENUM_CONVERSION = YES;
				CLANG_WARN_INFINITE_RECURSION = YES;
				CLANG_WARN_INT_CONVERSION = YES;
				CLANG_WARN_NON_LITERAL_NULL_CONVERSION = YES;
				CLANG_WARN_OBJC_IMPLICIT_RETAIN_SELF = YES;
				CLANG_WARN_OBJC_LITERAL_CONVERSION = YES;
				CLANG_WARN_OBJC_ROOT_CLASS = YES_ERROR;
				CLANG_WARN_RANGE_LOOP_ANALYSIS = YES;
				CLANG_WARN_STRICT_PROTOTYPES = YES;
				CLANG_WARN_SUSPICIOUS_MOVE = YES;
				CLANG_WARN_UNGUARDED_AVAILABILITY = YES_AGGRESSIVE;
				CLANG_WARN_UNREACHABLE_CODE = YES;
				CLANG_WARN__DUPLICATE_METHOD_MATCH = YES;
				COPY_PHASE_STRIP = NO;
				DEBUG_INFORMATION_FORMAT = "dwarf-with-dsym";
				ENABLE_NS_ASSERTIONS = NO;
				ENABLE_STRICT_OBJC_MSGSEND = YES;
				GCC_C_LANGUAGE_STANDARD = gnu11;
				GCC_NO_COMMON_BLOCKS = YES;
				GCC_WARN_64_TO_32_BIT_CONVERSION = YES;
				GCC_WARN_ABOUT_RETURN_TYPE = YES_ERROR;
				GCC_WARN_UNDECLARED_SELECTOR = YES;
				GCC_WARN_UNINITIALIZED_AUTOS = YES_AGGRESSIVE;
				GCC_WARN_UNUSED_FUNCTION = YES;
				GCC_WARN_UNUSED_VARIABLE = YES;
				IPHONEOS_DEPLOYMENT_TARGET = 13.1;
				MTL_ENABLE_DEBUG_INFO = NO;
				MTL_FAST_MATH = YES;
				SDKROOT = iphoneos;
				SWIFT_COMPILATION_MODE = wholemodule;
				SWIFT_OPTIMIZATION_LEVEL = "-O";
				VALIDATE_PRODUCT = YES;
			};
			name = Release;
		};
		590936E52375BF4C0000BBBB /* Debug */ = {
			isa = XCBuildConfiguration;
			buildSettings = {
				ASSETCATALOG_COMPILER_APPICON_NAME = AppIcon;
				CODE_SIGN_STYLE = Automatic;
				DEVELOPMENT_ASSET_PATHS = "\"GDM/Preview Content\"";
				DEVELOPMENT_TEAM = 3J3RT7R5GA;
				ENABLE_PREVIEWS = YES;
				INFOPLIST_FILE = GDM/Info.plist;
				LD_RUNPATH_SEARCH_PATHS = (
					"$(inherited)",
					"@executable_path/Frameworks",
				);
				PRODUCT_BUNDLE_IDENTIFIER = mlvangorden.GDM;
				PRODUCT_NAME = "$(TARGET_NAME)";
				SWIFT_VERSION = 5.0;
				TARGETED_DEVICE_FAMILY = "1,2";
			};
			name = Debug;
		};
		590936E62375BF4C0000BBBB /* Release */ = {
			isa = XCBuildConfiguration;
			buildSettings = {
				ASSETCATALOG_COMPILER_APPICON_NAME = AppIcon;
				CODE_SIGN_STYLE = Automatic;
				DEVELOPMENT_ASSET_PATHS = "\"GDM/Preview Content\"";
				DEVELOPMENT_TEAM = 3J3RT7R5GA;
				ENABLE_PREVIEWS = YES;
				INFOPLIST_FILE = GDM/Info.plist;
				LD_RUNPATH_SEARCH_PATHS = (
					"$(inherited)",
					"@executable_path/Frameworks",
				);
				PRODUCT_BUNDLE_IDENTIFIER = mlvangorden.GDM;
				PRODUCT_NAME = "$(TARGET_NAME)";
				SWIFT_VERSION = 5.0;
				TARGETED_DEVICE_FAMILY = "1,2";
			};
			name = Release;
		};
		590936E82375BF4C0000BBBB /* Debug */ = {
			isa = XCBuildConfiguration;
			buildSettings = {
				ALWAYS_EMBED_SWIFT_STANDARD_LIBRARIES = YES;
				BUNDLE_LOADER = "$(TEST_HOST)";
				CODE_SIGN_STYLE = Automatic;
				DEVELOPMENT_TEAM = 3J3RT7R5GA;
				INFOPLIST_FILE = GDMTests/Info.plist;
				IPHONEOS_DEPLOYMENT_TARGET = 13.1;
				LD_RUNPATH_SEARCH_PATHS = (
					"$(inherited)",
					"@executable_path/Frameworks",
					"@loader_path/Frameworks",
				);
				PRODUCT_BUNDLE_IDENTIFIER = mlvangorden.GDMTests;
				PRODUCT_NAME = "$(TARGET_NAME)";
				SWIFT_VERSION = 5.0;
				TARGETED_DEVICE_FAMILY = "1,2";
				TEST_HOST = "$(BUILT_PRODUCTS_DIR)/GDM.app/GDM";
			};
			name = Debug;
		};
		590936E92375BF4C0000BBBB /* Release */ = {
			isa = XCBuildConfiguration;
			buildSettings = {
				ALWAYS_EMBED_SWIFT_STANDARD_LIBRARIES = YES;
				BUNDLE_LOADER = "$(TEST_HOST)";
				CODE_SIGN_STYLE = Automatic;
				DEVELOPMENT_TEAM = 3J3RT7R5GA;
				INFOPLIST_FILE = GDMTests/Info.plist;
				IPHONEOS_DEPLOYMENT_TARGET = 13.1;
				LD_RUNPATH_SEARCH_PATHS = (
					"$(inherited)",
					"@executable_path/Frameworks",
					"@loader_path/Frameworks",
				);
				PRODUCT_BUNDLE_IDENTIFIER = mlvangorden.GDMTests;
				PRODUCT_NAME = "$(TARGET_NAME)";
				SWIFT_VERSION = 5.0;
				TARGETED_DEVICE_FAMILY = "1,2";
				TEST_HOST = "$(BUILT_PRODUCTS_DIR)/GDM.app/GDM";
			};
			name = Release;
		};
		590936EB2375BF4C0000BBBB /* Debug */ = {
			isa = XCBuildConfiguration;
			buildSettings = {
				ALWAYS_EMBED_SWIFT_STANDARD_LIBRARIES = YES;
				CODE_SIGN_STYLE = Automatic;
				DEVELOPMENT_TEAM = 3J3RT7R5GA;
				INFOPLIST_FILE = GDMUITests/Info.plist;
				LD_RUNPATH_SEARCH_PATHS = (
					"$(inherited)",
					"@executable_path/Frameworks",
					"@loader_path/Frameworks",
				);
				PRODUCT_BUNDLE_IDENTIFIER = mlvangorden.GDMUITests;
				PRODUCT_NAME = "$(TARGET_NAME)";
				SWIFT_VERSION = 5.0;
				TARGETED_DEVICE_FAMILY = "1,2";
				TEST_TARGET_NAME = GDM;
			};
			name = Debug;
		};
		590936EC2375BF4C0000BBBB /* Release */ = {
			isa = XCBuildConfiguration;
			buildSettings = {
				ALWAYS_EMBED_SWIFT_STANDARD_LIBRARIES = YES;
				CODE_SIGN_STYLE = Automatic;
				DEVELOPMENT_TEAM = 3J3RT7R5GA;
				INFOPLIST_FILE = GDMUITests/Info.plist;
				LD_RUNPATH_SEARCH_PATHS = (
					"$(inherited)",
					"@executable_path/Frameworks",
					"@loader_path/Frameworks",
				);
				PRODUCT_BUNDLE_IDENTIFIER = mlvangorden.GDMUITests;
				PRODUCT_NAME = "$(TARGET_NAME)";
				SWIFT_VERSION = 5.0;
				TARGETED_DEVICE_FAMILY = "1,2";
				TEST_TARGET_NAME = GDM;
			};
			name = Release;
		};
/* End XCBuildConfiguration section */

/* Begin XCConfigurationList section */
		590936B52375BF480000BBBB /* Build configuration list for PBXProject "GDM" */ = {
			isa = XCConfigurationList;
			buildConfigurations = (
				590936E22375BF4C0000BBBB /* Debug */,
				590936E32375BF4C0000BBBB /* Release */,
			);
			defaultConfigurationIsVisible = 0;
			defaultConfigurationName = Release;
		};
		590936E42375BF4C0000BBBB /* Build configuration list for PBXNativeTarget "GDM" */ = {
			isa = XCConfigurationList;
			buildConfigurations = (
				590936E52375BF4C0000BBBB /* Debug */,
				590936E62375BF4C0000BBBB /* Release */,
			);
			defaultConfigurationIsVisible = 0;
			defaultConfigurationName = Release;
		};
		590936E72375BF4C0000BBBB /* Build configuration list for PBXNativeTarget "GDMTests" */ = {
			isa = XCConfigurationList;
			buildConfigurations = (
				590936E82375BF4C0000BBBB /* Debug */,
				590936E92375BF4C0000BBBB /* Release */,
			);
			defaultConfigurationIsVisible = 0;
			defaultConfigurationName = Release;
		};
		590936EA2375BF4C0000BBBB /* Build configuration list for PBXNativeTarget "GDMUITests" */ = {
			isa = XCConfigurationList;
			buildConfigurations = (
				590936EB2375BF4C0000BBBB /* Debug */,
				590936EC2375BF4C0000BBBB /* Release */,
			);
			defaultConfigurationIsVisible = 0;
			defaultConfigurationName = Release;
		};
/* End XCConfigurationList section */
	};
	rootObject = 590936B22375BF480000BBBB /* Project object */;
}
